
Microsoft Visual Studio Solution File, Format Version 12.00
# Visual Studio 15
Project("{FAE04EC0-301F-11D3-BF4B-00C04F79EFBC}") = "mygame", "mygame.csproj", "{50917A58-9ADC-AC49-4704-5E8C7894E166}"
EndProject
Project("{FAE04EC0-301F-11D3-BF4B-00C04F79EFBC}") = "mygame.Editor", "mygame.Editor.csproj", "{8AB2A279-98E2-A9E8-7670-CFE154A79E5C}"
EndProject
Project("{FAE04EC0-301F-11D3-BF4B-00C04F79EFBC}") = "HotFix_Project", "..\HotFix_Project\HotFix_Project.csproj", "{F6F32EB1-2463-48D6-AFA6-BBDB9AB4B75A}"
EndProject
Global
	GlobalSection(SolutionConfigurationPlatforms) = preSolution
		Debug|Any CPU = Debug|Any CPU
		Release|Any CPU = Release|Any CPU
	EndGlobalSection
	GlobalSection(ProjectConfigurationPlatforms) = postSolution
		{50917A58-9ADC-AC49-4704-5E8C7894E166}.Debug|Any CPU.ActiveCfg = Debug|Any CPU
		{50917A58-9ADC-AC49-4704-5E8C7894E166}.Debug|Any CPU.Build.0 = Debug|Any CPU
		{50917A58-9ADC-AC49-4704-5E8C7894E166}.Release|Any CPU.ActiveCfg = Release|Any CPU
		{50917A58-9ADC-AC49-4704-5E8C7894E166}.Release|Any CPU.Build.0 = Release|Any CPU
		{8AB2A279-98E2-A9E8-7670-CFE154A79E5C}.Debug|Any CPU.ActiveCfg = Debug|Any CPU
		{8AB2A279-98E2-A9E8-7670-CFE154A79E5C}.Debug|Any CPU.Build.0 = Debug|Any CPU
		{8AB2A279-98E2-A9E8-7670-CFE154A79E5C}.Release|Any CPU.ActiveCfg = Release|Any CPU
		{8AB2A279-98E2-A9E8-7670-CFE154A79E5C}.Release|Any CPU.Build.0 = Release|Any CPU
		{F6F32EB1-2463-48D6-AFA6-BBDB9AB4B75A}.Debug|Any CPU.ActiveCfg = Debug|Any CPU
		{F6F32EB1-2463-48D6-AFA6-BBDB9AB4B75A}.Debug|Any CPU.Build.0 = Debug|Any CPU
		{F6F32EB1-2463-48D6-AFA6-BBDB9AB4B75A}.Release|Any CPU.ActiveCfg = Release|Any CPU
		{F6F32EB1-2463-48D6-AFA6-BBDB9AB4B75A}.Release|Any CPU.Build.0 = Release|Any CPU
	EndGlobalSection
	GlobalSection(SolutionProperties) = preSolution
		HideSolutionNode = FALSE
	EndGlobalSection
EndGlobal
